
Microsoft Visual Studio Solution File, Format Version 12.00
# Visual Studio Version 16
VisualStudioVersion = 16.0.29411.108
MinimumVisualStudioVersion = 10.0.40219.1
Project("{FAE04EC0-301F-11D3-BF4B-00C04F79EFBC}") = "WebApplication_TetraApp", "WebApplication_TetraApp.csproj", "{48BC6D70-91AF-4AFF-BEFE-4E320E25E269}"
EndProject
Global
	GlobalSection(SolutionConfigurationPlatforms) = preSolution
		Debug|Any CPU = Debug|Any CPU
		Release|Any CPU = Release|Any CPU
	EndGlobalSection
	GlobalSection(ProjectConfigurationPlatforms) = postSolution
		{48BC6D70-91AF-4AFF-BEFE-4E320E25E269}.Debug|Any CPU.ActiveCfg = Debug|Any CPU
		{48BC6D70-91AF-4AFF-BEFE-4E320E25E269}.Debug|Any CPU.Build.0 = Debug|Any CPU
		{48BC6D70-91AF-4AFF-BEFE-4E320E25E269}.Release|Any CPU.ActiveCfg = Release|Any CPU
		{48BC6D70-91AF-4AFF-BEFE-4E320E25E269}.Release|Any CPU.Build.0 = Release|Any CPU
	EndGlobalSection
	GlobalSection(SolutionProperties) = preSolution
		HideSolutionNode = FALSE
	EndGlobalSection
	GlobalSection(ExtensibilityGlobals) = postSolution
		SolutionGuid = {DCC0015D-AE95-44C1-B283-8729D4F441FE}
	EndGlobalSection
EndGlobal
